
Microsoft Visual Studio Solution File, Format Version 12.00
# Visual Studio Version 17
VisualStudioVersion = 17.8.34511.84
MinimumVisualStudioVersion = 10.0.40219.1
Project("{FAE04EC0-301F-11D3-BF4B-00C04F79EFBC}") = "Week2_2280601159", "Week2_2280601159\Week2_2280601159.csproj", "{295E48FF-274A-4EB4-9CDD-D492C5D48973}"
EndProject
Global
	GlobalSection(SolutionConfigurationPlatforms) = preSolution
		Debug|Any CPU = Debug|Any CPU
		Release|Any CPU = Release|Any CPU
	EndGlobalSection
	GlobalSection(ProjectConfigurationPlatforms) = postSolution
		{295E48FF-274A-4EB4-9CDD-D492C5D48973}.Debug|Any CPU.ActiveCfg = Debug|Any CPU
		{295E48FF-274A-4EB4-9CDD-D492C5D48973}.Debug|Any CPU.Build.0 = Debug|Any CPU
		{295E48FF-274A-4EB4-9CDD-D492C5D48973}.Release|Any CPU.ActiveCfg = Release|Any CPU
		{295E48FF-274A-4EB4-9CDD-D492C5D48973}.Release|Any CPU.Build.0 = Release|Any CPU
	EndGlobalSection
	GlobalSection(SolutionProperties) = preSolution
		HideSolutionNode = FALSE
	EndGlobalSection
	GlobalSection(ExtensibilityGlobals) = postSolution
		SolutionGuid = {C6FAB617-47EB-4060-80BB-D011492D14B3}
	EndGlobalSection
EndGlobal
